
Microsoft Visual Studio Solution File, Format Version 12.00
# Visual Studio Version 17
VisualStudioVersion = 17.7.34031.279
MinimumVisualStudioVersion = 10.0.40219.1
Project("{9A19103F-16F7-4668-BE54-9A1E7A4F7556}") = "NPaperless.Services", "src\NPaperless.Services\NPaperless.Services.csproj", "{F34E89E2-124F-449C-88BA-37EA47C6355B}"
EndProject
Global
	GlobalSection(SolutionConfigurationPlatforms) = preSolution
		Debug|Any CPU = Debug|Any CPU
		Release|Any CPU = Release|Any CPU
	EndGlobalSection
	GlobalSection(ProjectConfigurationPlatforms) = postSolution
		{F34E89E2-124F-449C-88BA-37EA47C6355B}.Debug|Any CPU.ActiveCfg = Debug|Any CPU
		{F34E89E2-124F-449C-88BA-37EA47C6355B}.Debug|Any CPU.Build.0 = Debug|Any CPU
		{F34E89E2-124F-449C-88BA-37EA47C6355B}.Release|Any CPU.ActiveCfg = Release|Any CPU
		{F34E89E2-124F-449C-88BA-37EA47C6355B}.Release|Any CPU.Build.0 = Release|Any CPU
	EndGlobalSection
	GlobalSection(SolutionProperties) = preSolution
		HideSolutionNode = FALSE
	EndGlobalSection
EndGlobal
